
Microsoft Visual Studio Solution File, Format Version 12.00
# Visual Studio 15
VisualStudioVersion = 15.0.28307.645
MinimumVisualStudioVersion = 10.0.40219.1
Project("{9A19103F-16F7-4668-BE54-9A1E7A4F7556}") = "CompanyCommunicator", "CompanyCommunicator\CompanyCommunicator.csproj", "{197C3314-953C-480A-8BE3-7D299C3325DB}"
EndProject
Global
	GlobalSection(SolutionConfigurationPlatforms) = preSolution
		Debug|Any CPU = Debug|Any CPU
		Release|Any CPU = Release|Any CPU
	EndGlobalSection
	GlobalSection(ProjectConfigurationPlatforms) = postSolution
		{197C3314-953C-480A-8BE3-7D299C3325DB}.Debug|Any CPU.ActiveCfg = Debug|Any CPU
		{197C3314-953C-480A-8BE3-7D299C3325DB}.Debug|Any CPU.Build.0 = Debug|Any CPU
		{197C3314-953C-480A-8BE3-7D299C3325DB}.Release|Any CPU.ActiveCfg = Release|Any CPU
		{197C3314-953C-480A-8BE3-7D299C3325DB}.Release|Any CPU.Build.0 = Release|Any CPU
	EndGlobalSection
	GlobalSection(SolutionProperties) = preSolution
		HideSolutionNode = FALSE
	EndGlobalSection
	GlobalSection(ExtensibilityGlobals) = postSolution
		SolutionGuid = {082E8AB4-A506-4AFC-B113-A87C1C31EA00}
	EndGlobalSection
EndGlobal
